// !$*UTF8*$!
{
	archiveVersion = 1;
	classes = {
	};
	objectVersion = 56;
	objects = {

/* Begin PBXBuildFile section */
		5B0E83062B0B843F008AF77A /* ChartView.swift in Sources */ = {isa = PBXBuildFile; fileRef = 5B0E83052B0B843F008AF77A /* ChartView.swift */; };
		5B0E83082B0B9125008AF77A /* Date.swift in Sources */ = {isa = PBXBuildFile; fileRef = 5B0E83072B0B9125008AF77A /* Date.swift */; };
		5B14AF212AFD9DB50012B300 /* UIApplication.swift in Sources */ = {isa = PBXBuildFile; fileRef = 5B14AF202AFD9DB50012B300 /* UIApplication.swift */; };
		5B14AF242AFDA1160012B300 /* Kingfisher in Frameworks */ = {isa = PBXBuildFile; productRef = 5B14AF232AFDA1160012B300 /* Kingfisher */; };
		5B14AF262AFDA1E30012B300 /* Double.swift in Sources */ = {isa = PBXBuildFile; fileRef = 5B14AF252AFDA1E30012B300 /* Double.swift */; };
		5B14AF292AFDA24E0012B300 /* Color.swift in Sources */ = {isa = PBXBuildFile; fileRef = 5B14AF282AFDA24E0012B300 /* Color.swift */; };
		5B14AF2B2AFDA35D0012B300 /* Coin.swift in Sources */ = {isa = PBXBuildFile; fileRef = 5B14AF2A2AFDA35D0012B300 /* Coin.swift */; };
		5B14AF2D2AFDA3E60012B300 /* CoinAPIError.swift in Sources */ = {isa = PBXBuildFile; fileRef = 5B14AF2C2AFDA3E60012B300 /* CoinAPIError.swift */; };
		5B14AF2F2AFDA43F0012B300 /* ContentViewModel.swift in Sources */ = {isa = PBXBuildFile; fileRef = 5B14AF2E2AFDA43F0012B300 /* ContentViewModel.swift */; };
		5B14AF312AFDA5430012B300 /* CoinDataService.swift in Sources */ = {isa = PBXBuildFile; fileRef = 5B14AF302AFDA5430012B300 /* CoinDataService.swift */; };
		5B14AF352AFDA76C0012B300 /* SearchBarView.swift in Sources */ = {isa = PBXBuildFile; fileRef = 5B14AF342AFDA76C0012B300 /* SearchBarView.swift */; };
		5B5056642B0F9E3900AAF92A /* String.swift in Sources */ = {isa = PBXBuildFile; fileRef = 5B5056632B0F9E3900AAF92A /* String.swift */; };
		5B6E2B422AFD52860051EEC9 /* CryptocurrencyApp.swift in Sources */ = {isa = PBXBuildFile; fileRef = 5B6E2B412AFD52860051EEC9 /* CryptocurrencyApp.swift */; };
		5B6E2B442AFD52860051EEC9 /* ContentView.swift in Sources */ = {isa = PBXBuildFile; fileRef = 5B6E2B432AFD52860051EEC9 /* ContentView.swift */; };
		5B6E2B462AFD52870051EEC9 /* Assets.xcassets in Resources */ = {isa = PBXBuildFile; fileRef = 5B6E2B452AFD52870051EEC9 /* Assets.xcassets */; };
		5B6E2B492AFD52870051EEC9 /* Preview Assets.xcassets in Resources */ = {isa = PBXBuildFile; fileRef = 5B6E2B482AFD52870051EEC9 /* Preview Assets.xcassets */; };
		5B6F41142B08DE3600190E4B /* DetailView.swift in Sources */ = {isa = PBXBuildFile; fileRef = 5B6F41132B08DE3600190E4B /* DetailView.swift */; };
		5B6F41162B08E87E00190E4B /* CoinDetailModel.swift in Sources */ = {isa = PBXBuildFile; fileRef = 5B6F41152B08E87E00190E4B /* CoinDetailModel.swift */; };
		5B6F41182B08EBD000190E4B /* DetailViewModel.swift in Sources */ = {isa = PBXBuildFile; fileRef = 5B6F41172B08EBD000190E4B /* DetailViewModel.swift */; };
		5B6F411A2B08EC3800190E4B /* CoinDetailDataService.swift in Sources */ = {isa = PBXBuildFile; fileRef = 5B6F41192B08EC3800190E4B /* CoinDetailDataService.swift */; };
		5BB152802B0940E400B70B84 /* StatisticModel.swift in Sources */ = {isa = PBXBuildFile; fileRef = 5BB1527F2B0940E400B70B84 /* StatisticModel.swift */; };
		5BB152822B09426200B70B84 /* StatisticView.swift in Sources */ = {isa = PBXBuildFile; fileRef = 5BB152812B09426200B70B84 /* StatisticView.swift */; };
		5BDBEFD92AFECB4100903C2B /* MarketDataModel.swift in Sources */ = {isa = PBXBuildFile; fileRef = 5BDBEFD82AFECB4100903C2B /* MarketDataModel.swift */; };
		5BDBEFDB2AFEDB3100903C2B /* MarketDataService.swift in Sources */ = {isa = PBXBuildFile; fileRef = 5BDBEFDA2AFEDB3100903C2B /* MarketDataService.swift */; };
		5BFB87482B155BB80018E308 /* MiniChartView.swift in Sources */ = {isa = PBXBuildFile; fileRef = 5BFB87472B155BB80018E308 /* MiniChartView.swift */; };
/* End PBXBuildFile section */

/* Begin PBXFileReference section */
		5B0E83052B0B843F008AF77A /* ChartView.swift */ = {isa = PBXFileReference; lastKnownFileType = sourcecode.swift; path = ChartView.swift; sourceTree = "<group>"; };
		5B0E83072B0B9125008AF77A /* Date.swift */ = {isa = PBXFileReference; lastKnownFileType = sourcecode.swift; path = Date.swift; sourceTree = "<group>"; };
		5B14AF202AFD9DB50012B300 /* UIApplication.swift */ = {isa = PBXFileReference; lastKnownFileType = sourcecode.swift; path = UIApplication.swift; sourceTree = "<group>"; };
		5B14AF252AFDA1E30012B300 /* Double.swift */ = {isa = PBXFileReference; lastKnownFileType = sourcecode.swift; path = Double.swift; sourceTree = "<group>"; };
		5B14AF282AFDA24E0012B300 /* Color.swift */ = {isa = PBXFileReference; lastKnownFileType = sourcecode.swift; path = Color.swift; sourceTree = "<group>"; };
		5B14AF2A2AFDA35D0012B300 /* Coin.swift */ = {isa = PBXFileReference; lastKnownFileType = sourcecode.swift; path = Coin.swift; sourceTree = "<group>"; };
		5B14AF2C2AFDA3E60012B300 /* CoinAPIError.swift */ = {isa = PBXFileReference; lastKnownFileType = sourcecode.swift; path = CoinAPIError.swift; sourceTree = "<group>"; };
		5B14AF2E2AFDA43F0012B300 /* ContentViewModel.swift */ = {isa = PBXFileReference; lastKnownFileType = sourcecode.swift; path = ContentViewModel.swift; sourceTree = "<group>"; };
		5B14AF302AFDA5430012B300 /* CoinDataService.swift */ = {isa = PBXFileReference; lastKnownFileType = sourcecode.swift; path = CoinDataService.swift; sourceTree = "<group>"; };
		5B14AF342AFDA76C0012B300 /* SearchBarView.swift */ = {isa = PBXFileReference; lastKnownFileType = sourcecode.swift; path = SearchBarView.swift; sourceTree = "<group>"; };
		5B5056632B0F9E3900AAF92A /* String.swift */ = {isa = PBXFileReference; lastKnownFileType = sourcecode.swift; path = String.swift; sourceTree = "<group>"; };
		5B6E2B3E2AFD52860051EEC9 /* Cryptocurrency.app */ = {isa = PBXFileReference; explicitFileType = wrapper.application; includeInIndex = 0; path = Cryptocurrency.app; sourceTree = BUILT_PRODUCTS_DIR; };
		5B6E2B412AFD52860051EEC9 /* CryptocurrencyApp.swift */ = {isa = PBXFileReference; lastKnownFileType = sourcecode.swift; path = CryptocurrencyApp.swift; sourceTree = "<group>"; };
		5B6E2B432AFD52860051EEC9 /* ContentView.swift */ = {isa = PBXFileReference; lastKnownFileType = sourcecode.swift; path = ContentView.swift; sourceTree = "<group>"; };
		5B6E2B452AFD52870051EEC9 /* Assets.xcassets */ = {isa = PBXFileReference; lastKnownFileType = folder.assetcatalog; path = Assets.xcassets; sourceTree = "<group>"; };
		5B6E2B482AFD52870051EEC9 /* Preview Assets.xcassets */ = {isa = PBXFileReference; lastKnownFileType = folder.assetcatalog; path = "Preview Assets.xcassets"; sourceTree = "<group>"; };
		5B6F41132B08DE3600190E4B /* DetailView.swift */ = {isa = PBXFileReference; lastKnownFileType = sourcecode.swift; path = DetailView.swift; sourceTree = "<group>"; };
		5B6F41152B08E87E00190E4B /* CoinDetailModel.swift */ = {isa = PBXFileReference; lastKnownFileType = sourcecode.swift; path = CoinDetailModel.swift; sourceTree = "<group>"; };
		5B6F41172B08EBD000190E4B /* DetailViewModel.swift */ = {isa = PBXFileReference; lastKnownFileType = sourcecode.swift; path = DetailViewModel.swift; sourceTree = "<group>"; };
		5B6F41192B08EC3800190E4B /* CoinDetailDataService.swift */ = {isa = PBXFileReference; lastKnownFileType = sourcecode.swift; path = CoinDetailDataService.swift; sourceTree = "<group>"; };
		5BB1527F2B0940E400B70B84 /* StatisticModel.swift */ = {isa = PBXFileReference; lastKnownFileType = sourcecode.swift; path = StatisticModel.swift; sourceTree = "<group>"; };
		5BB152812B09426200B70B84 /* StatisticView.swift */ = {isa = PBXFileReference; lastKnownFileType = sourcecode.swift; path = StatisticView.swift; sourceTree = "<group>"; };
		5BDBEFD82AFECB4100903C2B /* MarketDataModel.swift */ = {isa = PBXFileReference; lastKnownFileType = sourcecode.swift; path = MarketDataModel.swift; sourceTree = "<group>"; };
		5BDBEFDA2AFEDB3100903C2B /* MarketDataService.swift */ = {isa = PBXFileReference; lastKnownFileType = sourcecode.swift; path = MarketDataService.swift; sourceTree = "<group>"; };
		5BFB87472B155BB80018E308 /* MiniChartView.swift */ = {isa = PBXFileReference; lastKnownFileType = sourcecode.swift; path = MiniChartView.swift; sourceTree = "<group>"; };
/* End PBXFileReference section */

/* Begin PBXFrameworksBuildPhase section */
		5B6E2B3B2AFD52860051EEC9 /* Frameworks */ = {
			isa = PBXFrameworksBuildPhase;
			buildActionMask = 2147483647;
			files = (
				5B14AF242AFDA1160012B300 /* Kingfisher in Frameworks */,
			);
			runOnlyForDeploymentPostprocessing = 0;
		};
/* End PBXFrameworksBuildPhase section */

/* Begin PBXGroup section */
		5B14AF162AFD9BA00012B300 /* Core */ = {
			isa = PBXGroup;
			children = (
				5B14AF182AFD9BBC0012B300 /* AllCoins */,
				5B6F41102B08DDCB00190E4B /* Detail */,
				5B14AF172AFD9BB00012B300 /* Extensions */,
			);
			path = Core;
			sourceTree = "<group>";
		};
		5B14AF172AFD9BB00012B300 /* Extensions */ = {
			isa = PBXGroup;
			children = (
				5B14AF282AFDA24E0012B300 /* Color.swift */,
				5B0E83072B0B9125008AF77A /* Date.swift */,
				5B14AF252AFDA1E30012B300 /* Double.swift */,
				5B14AF202AFD9DB50012B300 /* UIApplication.swift */,
				5B5056632B0F9E3900AAF92A /* String.swift */,
			);
			path = Extensions;
			sourceTree = "<group>";
		};
		5B14AF182AFD9BBC0012B300 /* AllCoins */ = {
			isa = PBXGroup;
			children = (
				5B14AF1D2AFD9C2C0012B300 /* Components */,
				5B14AF1C2AFD9C1E0012B300 /* Service */,
				5B14AF1B2AFD9C130012B300 /* Model */,
				5B14AF1A2AFD9C090012B300 /* View */,
				5B14AF192AFD9BD90012B300 /* ViewModel */,
			);
			path = AllCoins;
			sourceTree = "<group>";
		};
		5B14AF192AFD9BD90012B300 /* ViewModel */ = {
			isa = PBXGroup;
			children = (
				5B14AF2E2AFDA43F0012B300 /* ContentViewModel.swift */,
			);
			path = ViewModel;
			sourceTree = "<group>";
		};
		5B14AF1A2AFD9C090012B300 /* View */ = {
			isa = PBXGroup;
			children = (
				5B6E2B432AFD52860051EEC9 /* ContentView.swift */,
			);
			path = View;
			sourceTree = "<group>";
		};
		5B14AF1B2AFD9C130012B300 /* Model */ = {
			isa = PBXGroup;
			children = (
				5B14AF2A2AFDA35D0012B300 /* Coin.swift */,
				5B14AF2C2AFDA3E60012B300 /* CoinAPIError.swift */,
				5B6F41152B08E87E00190E4B /* CoinDetailModel.swift */,
				5BDBEFD82AFECB4100903C2B /* MarketDataModel.swift */,
				5BB1527F2B0940E400B70B84 /* StatisticModel.swift */,
			);
			path = Model;
			sourceTree = "<group>";
		};
		5B14AF1C2AFD9C1E0012B300 /* Service */ = {
			isa = PBXGroup;
			children = (
				5B14AF302AFDA5430012B300 /* CoinDataService.swift */,
				5B6F41192B08EC3800190E4B /* CoinDetailDataService.swift */,
				5BDBEFDA2AFEDB3100903C2B /* MarketDataService.swift */,
			);
			path = Service;
			sourceTree = "<group>";
		};
		5B14AF1D2AFD9C2C0012B300 /* Components */ = {
			isa = PBXGroup;
			children = (
				5B14AF342AFDA76C0012B300 /* SearchBarView.swift */,
				5BB152812B09426200B70B84 /* StatisticView.swift */,
			);
			path = Components;
			sourceTree = "<group>";
		};
		5B6E2B352AFD52860051EEC9 = {
			isa = PBXGroup;
			children = (
				5B6E2B402AFD52860051EEC9 /* Cryptocurrency */,
				5B6E2B3F2AFD52860051EEC9 /* Products */,
			);
			sourceTree = "<group>";
		};
		5B6E2B3F2AFD52860051EEC9 /* Products */ = {
			isa = PBXGroup;
			children = (
				5B6E2B3E2AFD52860051EEC9 /* Cryptocurrency.app */,
			);
			name = Products;
			sourceTree = "<group>";
		};
		5B6E2B402AFD52860051EEC9 /* Cryptocurrency */ = {
			isa = PBXGroup;
			children = (
				5B14AF162AFD9BA00012B300 /* Core */,
				5B6E2B412AFD52860051EEC9 /* CryptocurrencyApp.swift */,
				5B6E2B452AFD52870051EEC9 /* Assets.xcassets */,
				5B6E2B472AFD52870051EEC9 /* Preview Content */,
			);
			path = Cryptocurrency;
			sourceTree = "<group>";
		};
		5B6E2B472AFD52870051EEC9 /* Preview Content */ = {
			isa = PBXGroup;
			children = (
				5B6E2B482AFD52870051EEC9 /* Preview Assets.xcassets */,
			);
			path = "Preview Content";
			sourceTree = "<group>";
		};
		5B6F41102B08DDCB00190E4B /* Detail */ = {
			isa = PBXGroup;
			children = (
				5B6F41112B08DDE000190E4B /* View */,
				5B6F41122B08DDE900190E4B /* ViewModel */,
			);
			path = Detail;
			sourceTree = "<group>";
		};
		5B6F41112B08DDE000190E4B /* View */ = {
			isa = PBXGroup;
			children = (
				5B6F41132B08DE3600190E4B /* DetailView.swift */,
				5B0E83052B0B843F008AF77A /* ChartView.swift */,
				5BFB87472B155BB80018E308 /* MiniChartView.swift */,
			);
			path = View;
			sourceTree = "<group>";
		};
		5B6F41122B08DDE900190E4B /* ViewModel */ = {
			isa = PBXGroup;
			children = (
				5B6F41172B08EBD000190E4B /* DetailViewModel.swift */,
			);
			path = ViewModel;
			sourceTree = "<group>";
		};
/* End PBXGroup section */

/* Begin PBXNativeTarget section */
		5B6E2B3D2AFD52860051EEC9 /* Cryptocurrency */ = {
			isa = PBXNativeTarget;
			buildConfigurationList = 5B6E2B4C2AFD52870051EEC9 /* Build configuration list for PBXNativeTarget "Cryptocurrency" */;
			buildPhases = (
				5B6E2B3A2AFD52860051EEC9 /* Sources */,
				5B6E2B3B2AFD52860051EEC9 /* Frameworks */,
				5B6E2B3C2AFD52860051EEC9 /* Resources */,
			);
			buildRules = (
			);
			dependencies = (
			);
			name = Cryptocurrency;
			packageProductDependencies = (
				5B14AF232AFDA1160012B300 /* Kingfisher */,
			);
			productName = Cryptocurrency;
			productReference = 5B6E2B3E2AFD52860051EEC9 /* Cryptocurrency.app */;
			productType = "com.apple.product-type.application";
		};
/* End PBXNativeTarget section */

/* Begin PBXProject section */
		5B6E2B362AFD52860051EEC9 /* Project object */ = {
			isa = PBXProject;
			attributes = {
				BuildIndependentTargetsInParallel = 1;
				LastSwiftUpdateCheck = 1500;
				LastUpgradeCheck = 1500;
				TargetAttributes = {
					5B6E2B3D2AFD52860051EEC9 = {
						CreatedOnToolsVersion = 15.0.1;
					};
				};
			};
			buildConfigurationList = 5B6E2B392AFD52860051EEC9 /* Build configuration list for PBXProject "Cryptocurrency" */;
			compatibilityVersion = "Xcode 14.0";
			developmentRegion = en;
			hasScannedForEncodings = 0;
			knownRegions = (
				en,
				Base,
			);
			mainGroup = 5B6E2B352AFD52860051EEC9;
			packageReferences = (
				5B14AF222AFDA1160012B300 /* XCRemoteSwiftPackageReference "Kingfisher" */,
			);
			productRefGroup = 5B6E2B3F2AFD52860051EEC9 /* Products */;
			projectDirPath = "";
			projectRoot = "";
			targets = (
				5B6E2B3D2AFD52860051EEC9 /* Cryptocurrency */,
			);
		};
/* End PBXProject section */

/* Begin PBXResourcesBuildPhase section */
		5B6E2B3C2AFD52860051EEC9 /* Resources */ = {
			isa = PBXResourcesBuildPhase;
			buildActionMask = 2147483647;
			files = (
				5B6E2B492AFD52870051EEC9 /* Preview Assets.xcassets in Resources */,
				5B6E2B462AFD52870051EEC9 /* Assets.xcassets in Resources */,
			);
			runOnlyForDeploymentPostprocessing = 0;
		};
/* End PBXResourcesBuildPhase section */

/* Begin PBXSourcesBuildPhase section */
		5B6E2B3A2AFD52860051EEC9 /* Sources */ = {
			isa = PBXSourcesBuildPhase;
			buildActionMask = 2147483647;
			files = (
				5B14AF352AFDA76C0012B300 /* SearchBarView.swift in Sources */,
				5B14AF2F2AFDA43F0012B300 /* ContentViewModel.swift in Sources */,
				5BDBEFD92AFECB4100903C2B /* MarketDataModel.swift in Sources */,
				5BB152802B0940E400B70B84 /* StatisticModel.swift in Sources */,
				5B14AF2B2AFDA35D0012B300 /* Coin.swift in Sources */,
				5B14AF212AFD9DB50012B300 /* UIApplication.swift in Sources */,
				5BFB87482B155BB80018E308 /* MiniChartView.swift in Sources */,
				5BDBEFDB2AFEDB3100903C2B /* MarketDataService.swift in Sources */,
				5BB152822B09426200B70B84 /* StatisticView.swift in Sources */,
				5B6E2B442AFD52860051EEC9 /* ContentView.swift in Sources */,
				5B6F41142B08DE3600190E4B /* DetailView.swift in Sources */,
				5B0E83062B0B843F008AF77A /* ChartView.swift in Sources */,
				5B0E83082B0B9125008AF77A /* Date.swift in Sources */,
				5B14AF262AFDA1E30012B300 /* Double.swift in Sources */,
				5B6F41162B08E87E00190E4B /* CoinDetailModel.swift in Sources */,
				5B6E2B422AFD52860051EEC9 /* CryptocurrencyApp.swift in Sources */,
				5B14AF312AFDA5430012B300 /* CoinDataService.swift in Sources */,
				5B14AF2D2AFDA3E60012B300 /* CoinAPIError.swift in Sources */,
				5B6F411A2B08EC3800190E4B /* CoinDetailDataService.swift in Sources */,
				5B5056642B0F9E3900AAF92A /* String.swift in Sources */,
				5B6F41182B08EBD000190E4B /* DetailViewModel.swift in Sources */,
				5B14AF292AFDA24E0012B300 /* Color.swift in Sources */,
			);
			runOnlyForDeploymentPostprocessing = 0;
		};
/* End PBXSourcesBuildPhase section */

/* Begin XCBuildConfiguration section */
		5B6E2B4A2AFD52870051EEC9 /* Debug */ = {
			isa = XCBuildConfiguration;
			buildSettings = {
				ALWAYS_SEARCH_USER_PATHS = NO;
				ASSETCATALOG_COMPILER_GENERATE_SWIFT_ASSET_SYMBOL_EXTENSIONS = YES;
				CLANG_ANALYZER_NONNULL = YES;
				CLANG_ANALYZER_NUMBER_OBJECT_CONVERSION = YES_AGGRESSIVE;
				CLANG_CXX_LANGUAGE_STANDARD = "gnu++20";
				CLANG_ENABLE_MODULES = YES;
				CLANG_ENABLE_OBJC_ARC = YES;
				CLANG_ENABLE_OBJC_WEAK = YES;
				CLANG_WARN_BLOCK_CAPTURE_AUTORELEASING = YES;
				CLANG_WARN_BOOL_CONVERSION = YES;
				CLANG_WARN_COMMA = YES;
				CLANG_WARN_CONSTANT_CONVERSION = YES;
				CLANG_WARN_DEPRECATED_OBJC_IMPLEMENTATIONS = YES;
				CLANG_WARN_DIRECT_OBJC_ISA_USAGE = YES_ERROR;
				CLANG_WARN_DOCUMENTATION_COMMENTS = YES;
				CLANG_WARN_EMPTY_BODY = YES;
				CLANG_WARN_ENUM_CONVERSION = YES;
				CLANG_WARN_INFINITE_RECURSION = YES;
				CLANG_WARN_INT_CONVERSION = YES;
				CLANG_WARN_NON_LITERAL_NULL_CONVERSION = YES;
				CLANG_WARN_OBJC_IMPLICIT_RETAIN_SELF = YES;
				CLANG_WARN_OBJC_LITERAL_CONVERSION = YES;
				CLANG_WARN_OBJC_ROOT_CLASS = YES_ERROR;
				CLANG_WARN_QUOTED_INCLUDE_IN_FRAMEWORK_HEADER = YES;
				CLANG_WARN_RANGE_LOOP_ANALYSIS = YES;
				CLANG_WARN_STRICT_PROTOTYPES = YES;
				CLANG_WARN_SUSPICIOUS_MOVE = YES;
				CLANG_WARN_UNGUARDED_AVAILABILITY = YES_AGGRESSIVE;
				CLANG_WARN_UNREACHABLE_CODE = YES;
				CLANG_WARN__DUPLICATE_METHOD_MATCH = YES;
				COPY_PHASE_STRIP = NO;
				DEBUG_INFORMATION_FORMAT = dwarf;
				ENABLE_STRICT_OBJC_MSGSEND = YES;
				ENABLE_TESTABILITY = YES;
				ENABLE_USER_SCRIPT_SANDBOXING = YES;
				GCC_C_LANGUAGE_STANDARD = gnu17;
				GCC_DYNAMIC_NO_PIC = NO;
				GCC_NO_COMMON_BLOCKS = YES;
				GCC_OPTIMIZATION_LEVEL = 0;
				GCC_PREPROCESSOR_DEFINITIONS = (
					"DEBUG=1",
					"$(inherited)",
				);
				GCC_WARN_64_TO_32_BIT_CONVERSION = YES;
				GCC_WARN_ABOUT_RETURN_TYPE = YES_ERROR;
				GCC_WARN_UNDECLARED_SELECTOR = YES;
				GCC_WARN_UNINITIALIZED_AUTOS = YES_AGGRESSIVE;
				GCC_WARN_UNUSED_FUNCTION = YES;
				GCC_WARN_UNUSED_VARIABLE = YES;
				IPHONEOS_DEPLOYMENT_TARGET = 17.0;
				LOCALIZATION_PREFERS_STRING_CATALOGS = YES;
				MTL_ENABLE_DEBUG_INFO = INCLUDE_SOURCE;
				MTL_FAST_MATH = YES;
				ONLY_ACTIVE_ARCH = YES;
				SDKROOT = iphoneos;
				SWIFT_ACTIVE_COMPILATION_CONDITIONS = "DEBUG $(inherited)";
				SWIFT_OPTIMIZATION_LEVEL = "-Onone";
			};
			name = Debug;
		};
		5B6E2B4B2AFD52870051EEC9 /* Release */ = {
			isa = XCBuildConfiguration;
			buildSettings = {
				ALWAYS_SEARCH_USER_PATHS = NO;
				ASSETCATALOG_COMPILER_GENERATE_SWIFT_ASSET_SYMBOL_EXTENSIONS = YES;
				CLANG_ANALYZER_NONNULL = YES;
				CLANG_ANALYZER_NUMBER_OBJECT_CONVERSION = YES_AGGRESSIVE;
				CLANG_CXX_LANGUAGE_STANDARD = "gnu++20";
				CLANG_ENABLE_MODULES = YES;
				CLANG_ENABLE_OBJC_ARC = YES;
				CLANG_ENABLE_OBJC_WEAK = YES;
				CLANG_WARN_BLOCK_CAPTURE_AUTORELEASING = YES;
				CLANG_WARN_BOOL_CONVERSION = YES;
				CLANG_WARN_COMMA = YES;
				CLANG_WARN_CONSTANT_CONVERSION = YES;
				CLANG_WARN_DEPRECATED_OBJC_IMPLEMENTATIONS = YES;
				CLANG_WARN_DIRECT_OBJC_ISA_USAGE = YES_ERROR;
				CLANG_WARN_DOCUMENTATION_COMMENTS = YES;
				CLANG_WARN_EMPTY_BODY = YES;
				CLANG_WARN_ENUM_CONVERSION = YES;
				CLANG_WARN_INFINITE_RECURSION = YES;
				CLANG_WARN_INT_CONVERSION = YES;
				CLANG_WARN_NON_LITERAL_NULL_CONVERSION = YES;
				CLANG_WARN_OBJC_IMPLICIT_RETAIN_SELF = YES;
				CLANG_WARN_OBJC_LITERAL_CONVERSION = YES;
				CLANG_WARN_OBJC_ROOT_CLASS = YES_ERROR;
				CLANG_WARN_QUOTED_INCLUDE_IN_FRAMEWORK_HEADER = YES;
				CLANG_WARN_RANGE_LOOP_ANALYSIS = YES;
				CLANG_WARN_STRICT_PROTOTYPES = YES;
				CLANG_WARN_SUSPICIOUS_MOVE = YES;
				CLANG_WARN_UNGUARDED_AVAILABILITY = YES_AGGRESSIVE;
				CLANG_WARN_UNREACHABLE_CODE = YES;
				CLANG_WARN__DUPLICATE_METHOD_MATCH = YES;
				COPY_PHASE_STRIP = NO;
				DEBUG_INFORMATION_FORMAT = "dwarf-with-dsym";
				ENABLE_NS_ASSERTIONS = NO;
				ENABLE_STRICT_OBJC_MSGSEND = YES;
				ENABLE_USER_SCRIPT_SANDBOXING = YES;
				GCC_C_LANGUAGE_STANDARD = gnu17;
				GCC_NO_COMMON_BLOCKS = YES;
				GCC_WARN_64_TO_32_BIT_CONVERSION = YES;
				GCC_WARN_ABOUT_RETURN_TYPE = YES_ERROR;
				GCC_WARN_UNDECLARED_SELECTOR = YES;
				GCC_WARN_UNINITIALIZED_AUTOS = YES_AGGRESSIVE;
				GCC_WARN_UNUSED_FUNCTION = YES;
				GCC_WARN_UNUSED_VARIABLE = YES;
				IPHONEOS_DEPLOYMENT_TARGET = 17.0;
				LOCALIZATION_PREFERS_STRING_CATALOGS = YES;
				MTL_ENABLE_DEBUG_INFO = NO;
				MTL_FAST_MATH = YES;
				SDKROOT = iphoneos;
				SWIFT_COMPILATION_MODE = wholemodule;
				VALIDATE_PRODUCT = YES;
			};
			name = Release;
		};
		5B6E2B4D2AFD52870051EEC9 /* Debug */ = {
			isa = XCBuildConfiguration;
			buildSettings = {
				ASSETCATALOG_COMPILER_APPICON_NAME = AppIcon;
				ASSETCATALOG_COMPILER_GLOBAL_ACCENT_COLOR_NAME = AccentColor;
				CODE_SIGN_STYLE = Automatic;
				CURRENT_PROJECT_VERSION = 1;
				DEVELOPMENT_ASSET_PATHS = "\"Cryptocurrency/Preview Content\"";
				ENABLE_PREVIEWS = YES;
				GENERATE_INFOPLIST_FILE = YES;
				INFOPLIST_KEY_UIApplicationSceneManifest_Generation = YES;
				INFOPLIST_KEY_UIApplicationSupportsIndirectInputEvents = YES;
				INFOPLIST_KEY_UILaunchScreen_Generation = YES;
				INFOPLIST_KEY_UISupportedInterfaceOrientations_iPad = "UIInterfaceOrientationPortrait UIInterfaceOrientationPortraitUpsideDown UIInterfaceOrientationLandscapeLeft UIInterfaceOrientationLandscapeRight";
				INFOPLIST_KEY_UISupportedInterfaceOrientations_iPhone = "UIInterfaceOrientationPortrait UIInterfaceOrientationLandscapeLeft UIInterfaceOrientationLandscapeRight";
				LD_RUNPATH_SEARCH_PATHS = (
					"$(inherited)",
					"@executable_path/Frameworks",
				);
				MARKETING_VERSION = 1.0;
				PRODUCT_BUNDLE_IDENTIFIER = com.deimantevalunaite.Cryptocurrency;
				PRODUCT_NAME = "$(TARGET_NAME)";
				SWIFT_EMIT_LOC_STRINGS = YES;
				SWIFT_VERSION = 5.0;
				TARGETED_DEVICE_FAMILY = "1,2";
			};
			name = Debug;
		};
		5B6E2B4E2AFD52870051EEC9 /* Release */ = {
			isa = XCBuildConfiguration;
			buildSettings = {
				ASSETCATALOG_COMPILER_APPICON_NAME = AppIcon;
				ASSETCATALOG_COMPILER_GLOBAL_ACCENT_COLOR_NAME = AccentColor;
				CODE_SIGN_STYLE = Automatic;
				CURRENT_PROJECT_VERSION = 1;
				DEVELOPMENT_ASSET_PATHS = "\"Cryptocurrency/Preview Content\"";
				ENABLE_PREVIEWS = YES;
				GENERATE_INFOPLIST_FILE = YES;
				INFOPLIST_KEY_UIApplicationSceneManifest_Generation = YES;
				INFOPLIST_KEY_UIApplicationSupportsIndirectInputEvents = YES;
				INFOPLIST_KEY_UILaunchScreen_Generation = YES;
				INFOPLIST_KEY_UISupportedInterfaceOrientations_iPad = "UIInterfaceOrientationPortrait UIInterfaceOrientationPortraitUpsideDown UIInterfaceOrientationLandscapeLeft UIInterfaceOrientationLandscapeRight";
				INFOPLIST_KEY_UISupportedInterfaceOrientations_iPhone = "UIInterfaceOrientationPortrait UIInterfaceOrientationLandscapeLeft UIInterfaceOrientationLandscapeRight";
				LD_RUNPATH_SEARCH_PATHS = (
					"$(inherited)",
					"@executable_path/Frameworks",
				);
				MARKETING_VERSION = 1.0;
				PRODUCT_BUNDLE_IDENTIFIER = com.deimantevalunaite.Cryptocurrency;
				PRODUCT_NAME = "$(TARGET_NAME)";
				SWIFT_EMIT_LOC_STRINGS = YES;
				SWIFT_VERSION = 5.0;
				TARGETED_DEVICE_FAMILY = "1,2";
			};
			name = Release;
		};
/* End XCBuildConfiguration section */

/* Begin XCConfigurationList section */
		5B6E2B392AFD52860051EEC9 /* Build configuration list for PBXProject "Cryptocurrency" */ = {
			isa = XCConfigurationList;
			buildConfigurations = (
				5B6E2B4A2AFD52870051EEC9 /* Debug */,
				5B6E2B4B2AFD52870051EEC9 /* Release */,
			);
			defaultConfigurationIsVisible = 0;
			defaultConfigurationName = Release;
		};
		5B6E2B4C2AFD52870051EEC9 /* Build configuration list for PBXNativeTarget "Cryptocurrency" */ = {
			isa = XCConfigurationList;
			buildConfigurations = (
				5B6E2B4D2AFD52870051EEC9 /* Debug */,
				5B6E2B4E2AFD52870051EEC9 /* Release */,
			);
			defaultConfigurationIsVisible = 0;
			defaultConfigurationName = Release;
		};
/* End XCConfigurationList section */

/* Begin XCRemoteSwiftPackageReference section */
		5B14AF222AFDA1160012B300 /* XCRemoteSwiftPackageReference "Kingfisher" */ = {
			isa = XCRemoteSwiftPackageReference;
			repositoryURL = "https://github.com/onevcat/Kingfisher";
			requirement = {
				kind = upToNextMajorVersion;
				minimumVersion = 7.10.0;
			};
		};
/* End XCRemoteSwiftPackageReference section */

/* Begin XCSwiftPackageProductDependency section */
		5B14AF232AFDA1160012B300 /* Kingfisher */ = {
			isa = XCSwiftPackageProductDependency;
			package = 5B14AF222AFDA1160012B300 /* XCRemoteSwiftPackageReference "Kingfisher" */;
			productName = Kingfisher;
		};
/* End XCSwiftPackageProductDependency section */
	};
	rootObject = 5B6E2B362AFD52860051EEC9 /* Project object */;
}
